
Microsoft Visual Studio Solution File, Format Version 12.00
# Visual Studio Version 17
VisualStudioVersion = 17.6.33829.357
MinimumVisualStudioVersion = 10.0.40219.1
Project("{FAE04EC0-301F-11D3-BF4B-00C04F79EFBC}") = "CSCI3110RazorLec", "CSCI3110RazorLec\CSCI3110RazorLec.csproj", "{6915DD66-E59E-4CCD-B272-6DD3AE5110AE}"
EndProject
Global
	GlobalSection(SolutionConfigurationPlatforms) = preSolution
		Debug|Any CPU = Debug|Any CPU
		Release|Any CPU = Release|Any CPU
	EndGlobalSection
	GlobalSection(ProjectConfigurationPlatforms) = postSolution
		{6915DD66-E59E-4CCD-B272-6DD3AE5110AE}.Debug|Any CPU.ActiveCfg = Debug|Any CPU
		{6915DD66-E59E-4CCD-B272-6DD3AE5110AE}.Debug|Any CPU.Build.0 = Debug|Any CPU
		{6915DD66-E59E-4CCD-B272-6DD3AE5110AE}.Release|Any CPU.ActiveCfg = Release|Any CPU
		{6915DD66-E59E-4CCD-B272-6DD3AE5110AE}.Release|Any CPU.Build.0 = Release|Any CPU
	EndGlobalSection
	GlobalSection(SolutionProperties) = preSolution
		HideSolutionNode = FALSE
	EndGlobalSection
	GlobalSection(ExtensibilityGlobals) = postSolution
		SolutionGuid = {8CFF5F6A-71EC-43FB-889B-FD67ACB655A9}
	EndGlobalSection
EndGlobal
